
Microsoft Visual Studio Solution File, Format Version 12.00
# Visual Studio Version 16
VisualStudioVersion = 16.0.31729.503
MinimumVisualStudioVersion = 10.0.40219.1
Project("{9A19103F-16F7-4668-BE54-9A1E7A4F7556}") = "Monocatch_Windows", "Monocatch_Windows\Monocatch_Windows.csproj", "{B4885D55-0A43-4FA8-8E72-AA25669878CA}"
EndProject
Project("{FAE04EC0-301F-11D3-BF4B-00C04F79EFBC}") = "Monocatch_Android", "Monocatch_Android\Monocatch_Android.csproj", "{44D44A06-3EE2-48B5-BA8E-F82ED0445333}"
EndProject
Project("{FAE04EC0-301F-11D3-BF4B-00C04F79EFBC}") = "Monocatch_Lib", "Monocatch_Lib\Monocatch_Lib.csproj", "{96A0BD8C-B51C-40F7-827B-A3A9A4D8C470}"
EndProject
Global
	GlobalSection(SolutionConfigurationPlatforms) = preSolution
		Debug|Any CPU = Debug|Any CPU
		Release|Any CPU = Release|Any CPU
	EndGlobalSection
	GlobalSection(ProjectConfigurationPlatforms) = postSolution
		{B4885D55-0A43-4FA8-8E72-AA25669878CA}.Debug|Any CPU.ActiveCfg = Debug|Any CPU
		{B4885D55-0A43-4FA8-8E72-AA25669878CA}.Debug|Any CPU.Build.0 = Debug|Any CPU
		{B4885D55-0A43-4FA8-8E72-AA25669878CA}.Release|Any CPU.ActiveCfg = Release|Any CPU
		{B4885D55-0A43-4FA8-8E72-AA25669878CA}.Release|Any CPU.Build.0 = Release|Any CPU
		{44D44A06-3EE2-48B5-BA8E-F82ED0445333}.Debug|Any CPU.ActiveCfg = Debug|Any CPU
		{44D44A06-3EE2-48B5-BA8E-F82ED0445333}.Debug|Any CPU.Build.0 = Debug|Any CPU
		{44D44A06-3EE2-48B5-BA8E-F82ED0445333}.Debug|Any CPU.Deploy.0 = Debug|Any CPU
		{44D44A06-3EE2-48B5-BA8E-F82ED0445333}.Release|Any CPU.ActiveCfg = Release|Any CPU
		{44D44A06-3EE2-48B5-BA8E-F82ED0445333}.Release|Any CPU.Build.0 = Release|Any CPU
		{44D44A06-3EE2-48B5-BA8E-F82ED0445333}.Release|Any CPU.Deploy.0 = Release|Any CPU
		{96A0BD8C-B51C-40F7-827B-A3A9A4D8C470}.Debug|Any CPU.ActiveCfg = Debug|Any CPU
		{96A0BD8C-B51C-40F7-827B-A3A9A4D8C470}.Debug|Any CPU.Build.0 = Debug|Any CPU
		{96A0BD8C-B51C-40F7-827B-A3A9A4D8C470}.Release|Any CPU.ActiveCfg = Release|Any CPU
		{96A0BD8C-B51C-40F7-827B-A3A9A4D8C470}.Release|Any CPU.Build.0 = Release|Any CPU
	EndGlobalSection
	GlobalSection(SolutionProperties) = preSolution
		HideSolutionNode = FALSE
	EndGlobalSection
	GlobalSection(ExtensibilityGlobals) = postSolution
		SolutionGuid = {7A664BD1-9346-4BAD-8154-8859FBD5A498}
	EndGlobalSection
EndGlobal
